
Microsoft Visual Studio Solution File, Format Version 12.00
# Visual Studio Version 16
VisualStudioVersion = 16.0.30717.126
MinimumVisualStudioVersion = 10.0.40219.1
Project("{FAE04EC0-301F-11D3-BF4B-00C04F79EFBC}") = "Kitaplik_Projesi", "Kitaplik_Projesi\Kitaplik_Projesi.csproj", "{97DB24B4-B42F-4409-BB9F-EFFEBCBD5B3A}"
EndProject
Global
	GlobalSection(SolutionConfigurationPlatforms) = preSolution
		Debug|Any CPU = Debug|Any CPU
		Release|Any CPU = Release|Any CPU
	EndGlobalSection
	GlobalSection(ProjectConfigurationPlatforms) = postSolution
		{97DB24B4-B42F-4409-BB9F-EFFEBCBD5B3A}.Debug|Any CPU.ActiveCfg = Debug|Any CPU
		{97DB24B4-B42F-4409-BB9F-EFFEBCBD5B3A}.Debug|Any CPU.Build.0 = Debug|Any CPU
		{97DB24B4-B42F-4409-BB9F-EFFEBCBD5B3A}.Release|Any CPU.ActiveCfg = Release|Any CPU
		{97DB24B4-B42F-4409-BB9F-EFFEBCBD5B3A}.Release|Any CPU.Build.0 = Release|Any CPU
	EndGlobalSection
	GlobalSection(SolutionProperties) = preSolution
		HideSolutionNode = FALSE
	EndGlobalSection
	GlobalSection(ExtensibilityGlobals) = postSolution
		SolutionGuid = {88A6BAAB-0399-4B20-98AE-3E2DD673F51F}
	EndGlobalSection
EndGlobal
